
Microsoft Visual Studio Solution File, Format Version 12.00
# Visual Studio Version 17
VisualStudioVersion = 17.8.34316.72
MinimumVisualStudioVersion = 10.0.40219.1
Project("{FAE04EC0-301F-11D3-BF4B-00C04F79EFBC}") = "Portfolio", "Portfolio.csproj", "{FF15D0B8-D19B-48EF-9A58-B0852880B381}"
EndProject
Global
	GlobalSection(SolutionConfigurationPlatforms) = preSolution
		Debug|Any CPU = Debug|Any CPU
		Release|Any CPU = Release|Any CPU
	EndGlobalSection
	GlobalSection(ProjectConfigurationPlatforms) = postSolution
		{FF15D0B8-D19B-48EF-9A58-B0852880B381}.Debug|Any CPU.ActiveCfg = Debug|Any CPU
		{FF15D0B8-D19B-48EF-9A58-B0852880B381}.Debug|Any CPU.Build.0 = Debug|Any CPU
		{FF15D0B8-D19B-48EF-9A58-B0852880B381}.Release|Any CPU.ActiveCfg = Release|Any CPU
		{FF15D0B8-D19B-48EF-9A58-B0852880B381}.Release|Any CPU.Build.0 = Release|Any CPU
	EndGlobalSection
	GlobalSection(SolutionProperties) = preSolution
		HideSolutionNode = FALSE
	EndGlobalSection
	GlobalSection(ExtensibilityGlobals) = postSolution
		SolutionGuid = {8AE34BC9-A79E-44FB-BD87-BC50866DB58C}
	EndGlobalSection
EndGlobal
